
Microsoft Visual Studio Solution File, Format Version 12.00
# Visual Studio 15
Project("{FAE04EC0-301F-11D3-BF4B-00C04F79EFBC}") = "Assembly-CSharp", "Assembly-CSharp.csproj", "{A0114EC7-0CC3-BE4F-240C-741DB354FE62}"
EndProject
Global
	GlobalSection(SolutionConfigurationPlatforms) = preSolution
		Debug|Any CPU = Debug|Any CPU
		Release|Any CPU = Release|Any CPU
	EndGlobalSection
	GlobalSection(ProjectConfigurationPlatforms) = postSolution
		{A0114EC7-0CC3-BE4F-240C-741DB354FE62}.Debug|Any CPU.ActiveCfg = Debug|Any CPU
		{A0114EC7-0CC3-BE4F-240C-741DB354FE62}.Debug|Any CPU.Build.0 = Debug|Any CPU
		{A0114EC7-0CC3-BE4F-240C-741DB354FE62}.Release|Any CPU.ActiveCfg = Release|Any CPU
		{A0114EC7-0CC3-BE4F-240C-741DB354FE62}.Release|Any CPU.Build.0 = Release|Any CPU
	EndGlobalSection
	GlobalSection(SolutionProperties) = preSolution
		HideSolutionNode = FALSE
	EndGlobalSection
EndGlobal
